
Microsoft Visual Studio Solution File, Format Version 12.00
Project("{FAE04EC0-301F-11D3-BF4B-00C04F79EFBC}") = "AppInfrastructure", "AppInfrastructure\AppInfrastructure.csproj", "{45A4483F-CC14-4569-9FC3-88C7F852FE1D}"
EndProject
Project("{FAE04EC0-301F-11D3-BF4B-00C04F79EFBC}") = "AppInfrastructureTests", "AppInfrastructureTests\AppInfrastructureTests.csproj", "{695E3DE8-F9A2-4DB8-AB3D-B33256D40DC9}"
EndProject
Global
	GlobalSection(SolutionConfigurationPlatforms) = preSolution
		Debug|Any CPU = Debug|Any CPU
		Release|Any CPU = Release|Any CPU
	EndGlobalSection
	GlobalSection(ProjectConfigurationPlatforms) = postSolution
		{45A4483F-CC14-4569-9FC3-88C7F852FE1D}.Release|Any CPU.ActiveCfg = Release|Any CPU
		{45A4483F-CC14-4569-9FC3-88C7F852FE1D}.Release|Any CPU.Build.0 = Release|Any CPU
		{45A4483F-CC14-4569-9FC3-88C7F852FE1D}.Debug|Any CPU.ActiveCfg = Release|Any CPU
		{45A4483F-CC14-4569-9FC3-88C7F852FE1D}.Debug|Any CPU.Build.0 = Release|Any CPU
		{695E3DE8-F9A2-4DB8-AB3D-B33256D40DC9}.Release|Any CPU.ActiveCfg = Release|Any CPU
		{695E3DE8-F9A2-4DB8-AB3D-B33256D40DC9}.Release|Any CPU.Build.0 = Release|Any CPU
		{695E3DE8-F9A2-4DB8-AB3D-B33256D40DC9}.Debug|Any CPU.ActiveCfg = Release|Any CPU
		{695E3DE8-F9A2-4DB8-AB3D-B33256D40DC9}.Debug|Any CPU.Build.0 = Release|Any CPU
	EndGlobalSection
EndGlobal
